
Microsoft Visual Studio Solution File, Format Version 12.00
# Visual Studio Version 17
VisualStudioVersion = 17.9.34728.123
MinimumVisualStudioVersion = 10.0.40219.1
Project("{FAE04EC0-301F-11D3-BF4B-00C04F79EFBC}") = "QLVT_APP", "QLVT_APP\QLVT_APP.csproj", "{9CDB4FB7-EA7D-4AB7-9AE1-AFB706C7A01C}"
EndProject
Global
	GlobalSection(SolutionConfigurationPlatforms) = preSolution
		Debug|Any CPU = Debug|Any CPU
		Release|Any CPU = Release|Any CPU
	EndGlobalSection
	GlobalSection(ProjectConfigurationPlatforms) = postSolution
		{9CDB4FB7-EA7D-4AB7-9AE1-AFB706C7A01C}.Debug|Any CPU.ActiveCfg = Debug|Any CPU
		{9CDB4FB7-EA7D-4AB7-9AE1-AFB706C7A01C}.Debug|Any CPU.Build.0 = Debug|Any CPU
		{9CDB4FB7-EA7D-4AB7-9AE1-AFB706C7A01C}.Release|Any CPU.ActiveCfg = Release|Any CPU
		{9CDB4FB7-EA7D-4AB7-9AE1-AFB706C7A01C}.Release|Any CPU.Build.0 = Release|Any CPU
	EndGlobalSection
	GlobalSection(SolutionProperties) = preSolution
		HideSolutionNode = FALSE
	EndGlobalSection
	GlobalSection(ExtensibilityGlobals) = postSolution
		SolutionGuid = {617B7B46-F31B-42C8-AADF-CB9C815D4105}
	EndGlobalSection
EndGlobal
